<Solution>
  <Folder Name="/src/">
    <Project Path="src/WeatherStation.Beginner/WeatherStation.Beginner.csproj" />
    <Project Path="src/WeatherStation.ConsoleApp/WeatherStation.ConsoleApp.csproj" />
    <Project Path="src/WeatherStation.Core/WeatherStation.Core.csproj" />
    <Project Path="src/WeatherStation.Web/WeatherStation.Web.csproj" />
  </Folder>
  <Folder Name="/tests/">
    <Project Path="tests/WeatherStation.Tests/WeatherStation.Tests.csproj" />
  </Folder>
</Solution>
